// !$*UTF8*$!
{
	archiveVersion = 1;
	classes = {
	};
	objectVersion = 77;
	objects = {

/* Begin PBXContainerItemProxy section */
		FB948EE92CE215DC00B69B03 /* PBXContainerItemProxy */ = {
			isa = PBXContainerItemProxy;
			containerPortal = FB948ED02CE215D900B69B03 /* Project object */;
			proxyType = 1;
			remoteGlobalIDString = FB948ED72CE215D900B69B03;
			remoteInfo = Jobnalik;
		};
		FB948EF32CE215DC00B69B03 /* PBXContainerItemProxy */ = {
			isa = PBXContainerItemProxy;
			containerPortal = FB948ED02CE215D900B69B03 /* Project object */;
			proxyType = 1;
			remoteGlobalIDString = FB948ED72CE215D900B69B03;
			remoteInfo = Jobnalik;
		};
/* End PBXContainerItemProxy section */

/* Begin PBXFileReference section */
		FB948ED82CE215D900B69B03 /* Jobnalik.app */ = {isa = PBXFileReference; explicitFileType = wrapper.application; includeInIndex = 0; path = Jobnalik.app; sourceTree = BUILT_PRODUCTS_DIR; };
		FB948EE82CE215DC00B69B03 /* JobnalikTests.xctest */ = {isa = PBXFileReference; explicitFileType = wrapper.cfbundle; includeInIndex = 0; path = JobnalikTests.xctest; sourceTree = BUILT_PRODUCTS_DIR; };
		FB948EF22CE215DC00B69B03 /* JobnalikUITests.xctest */ = {isa = PBXFileReference; explicitFileType = wrapper.cfbundle; includeInIndex = 0; path = JobnalikUITests.xctest; sourceTree = BUILT_PRODUCTS_DIR; };
/* End PBXFileReference section */

/* Begin PBXFileSystemSynchronizedRootGroup section */
		FB948EDA2CE215D900B69B03 /* Jobnalik */ = {
			isa = PBXFileSystemSynchronizedRootGroup;
			path = Jobnalik;
			sourceTree = "<group>";
		};
		FB948EEB2CE215DC00B69B03 /* JobnalikTests */ = {
			isa = PBXFileSystemSynchronizedRootGroup;
			path = JobnalikTests;
			sourceTree = "<group>";
		};
		FB948EF52CE215DC00B69B03 /* JobnalikUITests */ = {
			isa = PBXFileSystemSynchronizedRootGroup;
			path = JobnalikUITests;
			sourceTree = "<group>";
		};
/* End PBXFileSystemSynchronizedRootGroup section */

/* Begin PBXFrameworksBuildPhase section */
		FB948ED52CE215D900B69B03 /* Frameworks */ = {
			isa = PBXFrameworksBuildPhase;
			buildActionMask = 2147483647;
			files = (
			);
			runOnlyForDeploymentPostprocessing = 0;
		};
		FB948EE52CE215DC00B69B03 /* Frameworks */ = {
			isa = PBXFrameworksBuildPhase;
			buildActionMask = 2147483647;
			files = (
			);
			runOnlyForDeploymentPostprocessing = 0;
		};
		FB948EEF2CE215DC00B69B03 /* Frameworks */ = {
			isa = PBXFrameworksBuildPhase;
			buildActionMask = 2147483647;
			files = (
			);
			runOnlyForDeploymentPostprocessing = 0;
		};
/* End PBXFrameworksBuildPhase section */

/* Begin PBXGroup section */
		FB948ECF2CE215D900B69B03 = {
			isa = PBXGroup;
			children = (
				FB948EDA2CE215D900B69B03 /* Jobnalik */,
				FB948EEB2CE215DC00B69B03 /* JobnalikTests */,
				FB948EF52CE215DC00B69B03 /* JobnalikUITests */,
				FB948ED92CE215D900B69B03 /* Products */,
			);
			sourceTree = "<group>";
		};
		FB948ED92CE215D900B69B03 /* Products */ = {
			isa = PBXGroup;
			children = (
				FB948ED82CE215D900B69B03 /* Jobnalik.app */,
				FB948EE82CE215DC00B69B03 /* JobnalikTests.xctest */,
				FB948EF22CE215DC00B69B03 /* JobnalikUITests.xctest */,
			);
			name = Products;
			sourceTree = "<group>";
		};
/* End PBXGroup section */

/* Begin PBXNativeTarget section */
		FB948ED72CE215D900B69B03 /* Jobnalik */ = {
			isa = PBXNativeTarget;
			buildConfigurationList = FB948EFC2CE215DC00B69B03 /* Build configuration list for PBXNativeTarget "Jobnalik" */;
			buildPhases = (
				FB948ED42CE215D900B69B03 /* Sources */,
				FB948ED52CE215D900B69B03 /* Frameworks */,
				FB948ED62CE215D900B69B03 /* Resources */,
			);
			buildRules = (
			);
			dependencies = (
			);
			fileSystemSynchronizedGroups = (
				FB948EDA2CE215D900B69B03 /* Jobnalik */,
			);
			name = Jobnalik;
			packageProductDependencies = (
			);
			productName = Jobnalik;
			productReference = FB948ED82CE215D900B69B03 /* Jobnalik.app */;
			productType = "com.apple.product-type.application";
		};
		FB948EE72CE215DC00B69B03 /* JobnalikTests */ = {
			isa = PBXNativeTarget;
			buildConfigurationList = FB948EFF2CE215DC00B69B03 /* Build configuration list for PBXNativeTarget "JobnalikTests" */;
			buildPhases = (
				FB948EE42CE215DC00B69B03 /* Sources */,
				FB948EE52CE215DC00B69B03 /* Frameworks */,
				FB948EE62CE215DC00B69B03 /* Resources */,
			);
			buildRules = (
			);
			dependencies = (
				FB948EEA2CE215DC00B69B03 /* PBXTargetDependency */,
			);
			fileSystemSynchronizedGroups = (
				FB948EEB2CE215DC00B69B03 /* JobnalikTests */,
			);
			name = JobnalikTests;
			packageProductDependencies = (
			);
			productName = JobnalikTests;
			productReference = FB948EE82CE215DC00B69B03 /* JobnalikTests.xctest */;
			productType = "com.apple.product-type.bundle.unit-test";
		};
		FB948EF12CE215DC00B69B03 /* JobnalikUITests */ = {
			isa = PBXNativeTarget;
			buildConfigurationList = FB948F022CE215DC00B69B03 /* Build configuration list for PBXNativeTarget "JobnalikUITests" */;
			buildPhases = (
				FB948EEE2CE215DC00B69B03 /* Sources */,
				FB948EEF2CE215DC00B69B03 /* Frameworks */,
				FB948EF02CE215DC00B69B03 /* Resources */,
			);
			buildRules = (
			);
			dependencies = (
				FB948EF42CE215DC00B69B03 /* PBXTargetDependency */,
			);
			fileSystemSynchronizedGroups = (
				FB948EF52CE215DC00B69B03 /* JobnalikUITests */,
			);
			name = JobnalikUITests;
			packageProductDependencies = (
			);
			productName = JobnalikUITests;
			productReference = FB948EF22CE215DC00B69B03 /* JobnalikUITests.xctest */;
			productType = "com.apple.product-type.bundle.ui-testing";
		};
/* End PBXNativeTarget section */

/* Begin PBXProject section */
		FB948ED02CE215D900B69B03 /* Project object */ = {
			isa = PBXProject;
			attributes = {
				BuildIndependentTargetsInParallel = 1;
				LastSwiftUpdateCheck = 1610;
				LastUpgradeCheck = 1610;
				TargetAttributes = {
					FB948ED72CE215D900B69B03 = {
						CreatedOnToolsVersion = 16.1;
					};
					FB948EE72CE215DC00B69B03 = {
						CreatedOnToolsVersion = 16.1;
						TestTargetID = FB948ED72CE215D900B69B03;
					};
					FB948EF12CE215DC00B69B03 = {
						CreatedOnToolsVersion = 16.1;
						TestTargetID = FB948ED72CE215D900B69B03;
					};
				};
			};
			buildConfigurationList = FB948ED32CE215D900B69B03 /* Build configuration list for PBXProject "Jobnalik" */;
			developmentRegion = en;
			hasScannedForEncodings = 0;
			knownRegions = (
				en,
				Base,
			);
			mainGroup = FB948ECF2CE215D900B69B03;
			minimizedProjectReferenceProxies = 1;
			preferredProjectObjectVersion = 77;
			productRefGroup = FB948ED92CE215D900B69B03 /* Products */;
			projectDirPath = "";
			projectRoot = "";
			targets = (
				FB948ED72CE215D900B69B03 /* Jobnalik */,
				FB948EE72CE215DC00B69B03 /* JobnalikTests */,
				FB948EF12CE215DC00B69B03 /* JobnalikUITests */,
			);
		};
/* End PBXProject section */

/* Begin PBXResourcesBuildPhase section */
		FB948ED62CE215D900B69B03 /* Resources */ = {
			isa = PBXResourcesBuildPhase;
			buildActionMask = 2147483647;
			files = (
			);
			runOnlyForDeploymentPostprocessing = 0;
		};
		FB948EE62CE215DC00B69B03 /* Resources */ = {
			isa = PBXResourcesBuildPhase;
			buildActionMask = 2147483647;
			files = (
			);
			runOnlyForDeploymentPostprocessing = 0;
		};
		FB948EF02CE215DC00B69B03 /* Resources */ = {
			isa = PBXResourcesBuildPhase;
			buildActionMask = 2147483647;
			files = (
			);
			runOnlyForDeploymentPostprocessing = 0;
		};
/* End PBXResourcesBuildPhase section */

/* Begin PBXSourcesBuildPhase section */
		FB948ED42CE215D900B69B03 /* Sources */ = {
			isa = PBXSourcesBuildPhase;
			buildActionMask = 2147483647;
			files = (
			);
			runOnlyForDeploymentPostprocessing = 0;
		};
		FB948EE42CE215DC00B69B03 /* Sources */ = {
			isa = PBXSourcesBuildPhase;
			buildActionMask = 2147483647;
			files = (
			);
			runOnlyForDeploymentPostprocessing = 0;
		};
		FB948EEE2CE215DC00B69B03 /* Sources */ = {
			isa = PBXSourcesBuildPhase;
			buildActionMask = 2147483647;
			files = (
			);
			runOnlyForDeploymentPostprocessing = 0;
		};
/* End PBXSourcesBuildPhase section */

/* Begin PBXTargetDependency section */
		FB948EEA2CE215DC00B69B03 /* PBXTargetDependency */ = {
			isa = PBXTargetDependency;
			target = FB948ED72CE215D900B69B03 /* Jobnalik */;
			targetProxy = FB948EE92CE215DC00B69B03 /* PBXContainerItemProxy */;
		};
		FB948EF42CE215DC00B69B03 /* PBXTargetDependency */ = {
			isa = PBXTargetDependency;
			target = FB948ED72CE215D900B69B03 /* Jobnalik */;
			targetProxy = FB948EF32CE215DC00B69B03 /* PBXContainerItemProxy */;
		};
/* End PBXTargetDependency section */

/* Begin XCBuildConfiguration section */
		FB948EFA2CE215DC00B69B03 /* Debug */ = {
			isa = XCBuildConfiguration;
			buildSettings = {
				ALWAYS_SEARCH_USER_PATHS = NO;
				ASSETCATALOG_COMPILER_GENERATE_SWIFT_ASSET_SYMBOL_EXTENSIONS = YES;
				CLANG_ANALYZER_NONNULL = YES;
				CLANG_ANALYZER_NUMBER_OBJECT_CONVERSION = YES_AGGRESSIVE;
				CLANG_CXX_LANGUAGE_STANDARD = "gnu++20";
				CLANG_ENABLE_MODULES = YES;
				CLANG_ENABLE_OBJC_ARC = YES;
				CLANG_ENABLE_OBJC_WEAK = YES;
				CLANG_WARN_BLOCK_CAPTURE_AUTORELEASING = YES;
				CLANG_WARN_BOOL_CONVERSION = YES;
				CLANG_WARN_COMMA = YES;
				CLANG_WARN_CONSTANT_CONVERSION = YES;
				CLANG_WARN_DEPRECATED_OBJC_IMPLEMENTATIONS = YES;
				CLANG_WARN_DIRECT_OBJC_ISA_USAGE = YES_ERROR;
				CLANG_WARN_DOCUMENTATION_COMMENTS = YES;
				CLANG_WARN_EMPTY_BODY = YES;
				CLANG_WARN_ENUM_CONVERSION = YES;
				CLANG_WARN_INFINITE_RECURSION = YES;
				CLANG_WARN_INT_CONVERSION = YES;
				CLANG_WARN_NON_LITERAL_NULL_CONVERSION = YES;
				CLANG_WARN_OBJC_IMPLICIT_RETAIN_SELF = YES;
				CLANG_WARN_OBJC_LITERAL_CONVERSION = YES;
				CLANG_WARN_OBJC_ROOT_CLASS = YES_ERROR;
				CLANG_WARN_QUOTED_INCLUDE_IN_FRAMEWORK_HEADER = YES;
				CLANG_WARN_RANGE_LOOP_ANALYSIS = YES;
				CLANG_WARN_STRICT_PROTOTYPES = YES;
				CLANG_WARN_SUSPICIOUS_MOVE = YES;
				CLANG_WARN_UNGUARDED_AVAILABILITY = YES_AGGRESSIVE;
				CLANG_WARN_UNREACHABLE_CODE = YES;
				CLANG_WARN__DUPLICATE_METHOD_MATCH = YES;
				COPY_PHASE_STRIP = NO;
				DEBUG_INFORMATION_FORMAT = dwarf;
				ENABLE_STRICT_OBJC_MSGSEND = YES;
				ENABLE_TESTABILITY = YES;
				ENABLE_USER_SCRIPT_SANDBOXING = YES;
				GCC_C_LANGUAGE_STANDARD = gnu17;
				GCC_DYNAMIC_NO_PIC = NO;
				GCC_NO_COMMON_BLOCKS = YES;
				GCC_OPTIMIZATION_LEVEL = 0;
				GCC_PREPROCESSOR_DEFINITIONS = (
					"DEBUG=1",
					"$(inherited)",
				);
				GCC_WARN_64_TO_32_BIT_CONVERSION = YES;
				GCC_WARN_ABOUT_RETURN_TYPE = YES_ERROR;
				GCC_WARN_UNDECLARED_SELECTOR = YES;
				GCC_WARN_UNINITIALIZED_AUTOS = YES_AGGRESSIVE;
				GCC_WARN_UNUSED_FUNCTION = YES;
				GCC_WARN_UNUSED_VARIABLE = YES;
				IPHONEOS_DEPLOYMENT_TARGET = 18.1;
				LOCALIZATION_PREFERS_STRING_CATALOGS = YES;
				MTL_ENABLE_DEBUG_INFO = INCLUDE_SOURCE;
				MTL_FAST_MATH = YES;
				ONLY_ACTIVE_ARCH = YES;
				SDKROOT = iphoneos;
				SWIFT_ACTIVE_COMPILATION_CONDITIONS = "DEBUG $(inherited)";
				SWIFT_OPTIMIZATION_LEVEL = "-Onone";
			};
			name = Debug;
		};
		FB948EFB2CE215DC00B69B03 /* Release */ = {
			isa = XCBuildConfiguration;
			buildSettings = {
				ALWAYS_SEARCH_USER_PATHS = NO;
				ASSETCATALOG_COMPILER_GENERATE_SWIFT_ASSET_SYMBOL_EXTENSIONS = YES;
				CLANG_ANALYZER_NONNULL = YES;
				CLANG_ANALYZER_NUMBER_OBJECT_CONVERSION = YES_AGGRESSIVE;
				CLANG_CXX_LANGUAGE_STANDARD = "gnu++20";
				CLANG_ENABLE_MODULES = YES;
				CLANG_ENABLE_OBJC_ARC = YES;
				CLANG_ENABLE_OBJC_WEAK = YES;
				CLANG_WARN_BLOCK_CAPTURE_AUTORELEASING = YES;
				CLANG_WARN_BOOL_CONVERSION = YES;
				CLANG_WARN_COMMA = YES;
				CLANG_WARN_CONSTANT_CONVERSION = YES;
				CLANG_WARN_DEPRECATED_OBJC_IMPLEMENTATIONS = YES;
				CLANG_WARN_DIRECT_OBJC_ISA_USAGE = YES_ERROR;
				CLANG_WARN_DOCUMENTATION_COMMENTS = YES;
				CLANG_WARN_EMPTY_BODY = YES;
				CLANG_WARN_ENUM_CONVERSION = YES;
				CLANG_WARN_INFINITE_RECURSION = YES;
				CLANG_WARN_INT_CONVERSION = YES;
				CLANG_WARN_NON_LITERAL_NULL_CONVERSION = YES;
				CLANG_WARN_OBJC_IMPLICIT_RETAIN_SELF = YES;
				CLANG_WARN_OBJC_LITERAL_CONVERSION = YES;
				CLANG_WARN_OBJC_ROOT_CLASS = YES_ERROR;
				CLANG_WARN_QUOTED_INCLUDE_IN_FRAMEWORK_HEADER = YES;
				CLANG_WARN_RANGE_LOOP_ANALYSIS = YES;
				CLANG_WARN_STRICT_PROTOTYPES = YES;
				CLANG_WARN_SUSPICIOUS_MOVE = YES;
				CLANG_WARN_UNGUARDED_AVAILABILITY = YES_AGGRESSIVE;
				CLANG_WARN_UNREACHABLE_CODE = YES;
				CLANG_WARN__DUPLICATE_METHOD_MATCH = YES;
				COPY_PHASE_STRIP = NO;
				DEBUG_INFORMATION_FORMAT = "dwarf-with-dsym";
				ENABLE_NS_ASSERTIONS = NO;
				ENABLE_STRICT_OBJC_MSGSEND = YES;
				ENABLE_USER_SCRIPT_SANDBOXING = YES;
				GCC_C_LANGUAGE_STANDARD = gnu17;
				GCC_NO_COMMON_BLOCKS = YES;
				GCC_WARN_64_TO_32_BIT_CONVERSION = YES;
				GCC_WARN_ABOUT_RETURN_TYPE = YES_ERROR;
				GCC_WARN_UNDECLARED_SELECTOR = YES;
				GCC_WARN_UNINITIALIZED_AUTOS = YES_AGGRESSIVE;
				GCC_WARN_UNUSED_FUNCTION = YES;
				GCC_WARN_UNUSED_VARIABLE = YES;
				IPHONEOS_DEPLOYMENT_TARGET = 18.1;
				LOCALIZATION_PREFERS_STRING_CATALOGS = YES;
				MTL_ENABLE_DEBUG_INFO = NO;
				MTL_FAST_MATH = YES;
				SDKROOT = iphoneos;
				SWIFT_COMPILATION_MODE = wholemodule;
				VALIDATE_PRODUCT = YES;
			};
			name = Release;
		};
		FB948EFD2CE215DC00B69B03 /* Debug */ = {
			isa = XCBuildConfiguration;
			buildSettings = {
				ASSETCATALOG_COMPILER_APPICON_NAME = AppIcon;
				ASSETCATALOG_COMPILER_GLOBAL_ACCENT_COLOR_NAME = AccentColor;
				CODE_SIGN_STYLE = Automatic;
				CURRENT_PROJECT_VERSION = 1;
				DEVELOPMENT_ASSET_PATHS = "\"Jobnalik/Preview Content\"";
				ENABLE_PREVIEWS = YES;
				GENERATE_INFOPLIST_FILE = YES;
				INFOPLIST_KEY_UIApplicationSceneManifest_Generation = YES;
				INFOPLIST_KEY_UIApplicationSupportsIndirectInputEvents = YES;
				INFOPLIST_KEY_UILaunchScreen_Generation = YES;
				INFOPLIST_KEY_UISupportedInterfaceOrientations_iPad = "UIInterfaceOrientationPortrait UIInterfaceOrientationPortraitUpsideDown UIInterfaceOrientationLandscapeLeft UIInterfaceOrientationLandscapeRight";
				INFOPLIST_KEY_UISupportedInterfaceOrientations_iPhone = "UIInterfaceOrientationPortrait UIInterfaceOrientationLandscapeLeft UIInterfaceOrientationLandscapeRight";
				LD_RUNPATH_SEARCH_PATHS = (
					"$(inherited)",
					"@executable_path/Frameworks",
				);
				MARKETING_VERSION = 1.0;
				PRODUCT_BUNDLE_IDENTIFIER = com.jobnalik.jobnalik.Jobnalik;
				PRODUCT_NAME = "$(TARGET_NAME)";
				SWIFT_EMIT_LOC_STRINGS = YES;
				SWIFT_VERSION = 5.0;
				TARGETED_DEVICE_FAMILY = "1,2";
			};
			name = Debug;
		};
		FB948EFE2CE215DC00B69B03 /* Release */ = {
			isa = XCBuildConfiguration;
			buildSettings = {
				ASSETCATALOG_COMPILER_APPICON_NAME = AppIcon;
				ASSETCATALOG_COMPILER_GLOBAL_ACCENT_COLOR_NAME = AccentColor;
				CODE_SIGN_STYLE = Automatic;
				CURRENT_PROJECT_VERSION = 1;
				DEVELOPMENT_ASSET_PATHS = "\"Jobnalik/Preview Content\"";
				ENABLE_PREVIEWS = YES;
				GENERATE_INFOPLIST_FILE = YES;
				INFOPLIST_KEY_UIApplicationSceneManifest_Generation = YES;
				INFOPLIST_KEY_UIApplicationSupportsIndirectInputEvents = YES;
				INFOPLIST_KEY_UILaunchScreen_Generation = YES;
				INFOPLIST_KEY_UISupportedInterfaceOrientations_iPad = "UIInterfaceOrientationPortrait UIInterfaceOrientationPortraitUpsideDown UIInterfaceOrientationLandscapeLeft UIInterfaceOrientationLandscapeRight";
				INFOPLIST_KEY_UISupportedInterfaceOrientations_iPhone = "UIInterfaceOrientationPortrait UIInterfaceOrientationLandscapeLeft UIInterfaceOrientationLandscapeRight";
				LD_RUNPATH_SEARCH_PATHS = (
					"$(inherited)",
					"@executable_path/Frameworks",
				);
				MARKETING_VERSION = 1.0;
				PRODUCT_BUNDLE_IDENTIFIER = com.jobnalik.jobnalik.Jobnalik;
				PRODUCT_NAME = "$(TARGET_NAME)";
				SWIFT_EMIT_LOC_STRINGS = YES;
				SWIFT_VERSION = 5.0;
				TARGETED_DEVICE_FAMILY = "1,2";
			};
			name = Release;
		};
		FB948F002CE215DC00B69B03 /* Debug */ = {
			isa = XCBuildConfiguration;
			buildSettings = {
				BUNDLE_LOADER = "$(TEST_HOST)";
				CODE_SIGN_STYLE = Automatic;
				CURRENT_PROJECT_VERSION = 1;
				GENERATE_INFOPLIST_FILE = YES;
				IPHONEOS_DEPLOYMENT_TARGET = 18.1;
				MARKETING_VERSION = 1.0;
				PRODUCT_BUNDLE_IDENTIFIER = com.jobnalik.jobnalik.JobnalikTests;
				PRODUCT_NAME = "$(TARGET_NAME)";
				SWIFT_EMIT_LOC_STRINGS = NO;
				SWIFT_VERSION = 5.0;
				TARGETED_DEVICE_FAMILY = "1,2";
				TEST_HOST = "$(BUILT_PRODUCTS_DIR)/Jobnalik.app/$(BUNDLE_EXECUTABLE_FOLDER_PATH)/Jobnalik";
			};
			name = Debug;
		};
		FB948F012CE215DC00B69B03 /* Release */ = {
			isa = XCBuildConfiguration;
			buildSettings = {
				BUNDLE_LOADER = "$(TEST_HOST)";
				CODE_SIGN_STYLE = Automatic;
				CURRENT_PROJECT_VERSION = 1;
				GENERATE_INFOPLIST_FILE = YES;
				IPHONEOS_DEPLOYMENT_TARGET = 18.1;
				MARKETING_VERSION = 1.0;
				PRODUCT_BUNDLE_IDENTIFIER = com.jobnalik.jobnalik.JobnalikTests;
				PRODUCT_NAME = "$(TARGET_NAME)";
				SWIFT_EMIT_LOC_STRINGS = NO;
				SWIFT_VERSION = 5.0;
				TARGETED_DEVICE_FAMILY = "1,2";
				TEST_HOST = "$(BUILT_PRODUCTS_DIR)/Jobnalik.app/$(BUNDLE_EXECUTABLE_FOLDER_PATH)/Jobnalik";
			};
			name = Release;
		};
		FB948F032CE215DC00B69B03 /* Debug */ = {
			isa = XCBuildConfiguration;
			buildSettings = {
				CODE_SIGN_STYLE = Automatic;
				CURRENT_PROJECT_VERSION = 1;
				GENERATE_INFOPLIST_FILE = YES;
				MARKETING_VERSION = 1.0;
				PRODUCT_BUNDLE_IDENTIFIER = com.jobnalik.jobnalik.JobnalikUITests;
				PRODUCT_NAME = "$(TARGET_NAME)";
				SWIFT_EMIT_LOC_STRINGS = NO;
				SWIFT_VERSION = 5.0;
				TARGETED_DEVICE_FAMILY = "1,2";
				TEST_TARGET_NAME = Jobnalik;
			};
			name = Debug;
		};
		FB948F042CE215DC00B69B03 /* Release */ = {
			isa = XCBuildConfiguration;
			buildSettings = {
				CODE_SIGN_STYLE = Automatic;
				CURRENT_PROJECT_VERSION = 1;
				GENERATE_INFOPLIST_FILE = YES;
				MARKETING_VERSION = 1.0;
				PRODUCT_BUNDLE_IDENTIFIER = com.jobnalik.jobnalik.JobnalikUITests;
				PRODUCT_NAME = "$(TARGET_NAME)";
				SWIFT_EMIT_LOC_STRINGS = NO;
				SWIFT_VERSION = 5.0;
				TARGETED_DEVICE_FAMILY = "1,2";
				TEST_TARGET_NAME = Jobnalik;
			};
			name = Release;
		};
/* End XCBuildConfiguration section */

/* Begin XCConfigurationList section */
		FB948ED32CE215D900B69B03 /* Build configuration list for PBXProject "Jobnalik" */ = {
			isa = XCConfigurationList;
			buildConfigurations = (
				FB948EFA2CE215DC00B69B03 /* Debug */,
				FB948EFB2CE215DC00B69B03 /* Release */,
			);
			defaultConfigurationIsVisible = 0;
			defaultConfigurationName = Release;
		};
		FB948EFC2CE215DC00B69B03 /* Build configuration list for PBXNativeTarget "Jobnalik" */ = {
			isa = XCConfigurationList;
			buildConfigurations = (
				FB948EFD2CE215DC00B69B03 /* Debug */,
				FB948EFE2CE215DC00B69B03 /* Release */,
			);
			defaultConfigurationIsVisible = 0;
			defaultConfigurationName = Release;
		};
		FB948EFF2CE215DC00B69B03 /* Build configuration list for PBXNativeTarget "JobnalikTests" */ = {
			isa = XCConfigurationList;
			buildConfigurations = (
				FB948F002CE215DC00B69B03 /* Debug */,
				FB948F012CE215DC00B69B03 /* Release */,
			);
			defaultConfigurationIsVisible = 0;
			defaultConfigurationName = Release;
		};
		FB948F022CE215DC00B69B03 /* Build configuration list for PBXNativeTarget "JobnalikUITests" */ = {
			isa = XCConfigurationList;
			buildConfigurations = (
				FB948F032CE215DC00B69B03 /* Debug */,
				FB948F042CE215DC00B69B03 /* Release */,
			);
			defaultConfigurationIsVisible = 0;
			defaultConfigurationName = Release;
		};
/* End XCConfigurationList section */
	};
	rootObject = FB948ED02CE215D900B69B03 /* Project object */;
}
